
Microsoft Visual Studio Solution File, Format Version 12.00
# Visual Studio Version 16
VisualStudioVersion = 16.0.30204.135
MinimumVisualStudioVersion = 10.0.40219.1
Project("{F184B08F-C81C-45F6-A57F-5ABD9991F28F}") = "ЗСК зубр стаер крафтол", "ЗСК зубр стаер крафтол\ЗСК зубр стаер крафтол.vbproj", "{B08F8040-41E2-4F7D-B3DC-874089B0ECDF}"
EndProject
Global
	GlobalSection(SolutionConfigurationPlatforms) = preSolution
		Debug|Any CPU = Debug|Any CPU
		Release|Any CPU = Release|Any CPU
	EndGlobalSection
	GlobalSection(ProjectConfigurationPlatforms) = postSolution
		{B08F8040-41E2-4F7D-B3DC-874089B0ECDF}.Debug|Any CPU.ActiveCfg = Debug|Any CPU
		{B08F8040-41E2-4F7D-B3DC-874089B0ECDF}.Debug|Any CPU.Build.0 = Debug|Any CPU
		{B08F8040-41E2-4F7D-B3DC-874089B0ECDF}.Release|Any CPU.ActiveCfg = Release|Any CPU
		{B08F8040-41E2-4F7D-B3DC-874089B0ECDF}.Release|Any CPU.Build.0 = Release|Any CPU
	EndGlobalSection
	GlobalSection(SolutionProperties) = preSolution
		HideSolutionNode = FALSE
	EndGlobalSection
	GlobalSection(ExtensibilityGlobals) = postSolution
		SolutionGuid = {8AD479C7-E5B2-4B89-8541-B45ED477C1D7}
	EndGlobalSection
EndGlobal
